
Microsoft Visual Studio Solution File, Format Version 12.00
# Visual Studio 15
VisualStudioVersion = 15.0.27703.2042
MinimumVisualStudioVersion = 10.0.40219.1
Project("{FAE04EC0-301F-11D3-BF4B-00C04F79EFBC}") = "HomeWork3", "HomeWork3\HomeWork3.csproj", "{FDBDC4D3-9921-4B3C-B74F-B3004DAE0A14}"
EndProject
Global
	GlobalSection(SolutionConfigurationPlatforms) = preSolution
		Debug|Any CPU = Debug|Any CPU
		Release|Any CPU = Release|Any CPU
	EndGlobalSection
	GlobalSection(ProjectConfigurationPlatforms) = postSolution
		{FDBDC4D3-9921-4B3C-B74F-B3004DAE0A14}.Debug|Any CPU.ActiveCfg = Debug|Any CPU
		{FDBDC4D3-9921-4B3C-B74F-B3004DAE0A14}.Debug|Any CPU.Build.0 = Debug|Any CPU
		{FDBDC4D3-9921-4B3C-B74F-B3004DAE0A14}.Release|Any CPU.ActiveCfg = Release|Any CPU
		{FDBDC4D3-9921-4B3C-B74F-B3004DAE0A14}.Release|Any CPU.Build.0 = Release|Any CPU
	EndGlobalSection
	GlobalSection(SolutionProperties) = preSolution
		HideSolutionNode = FALSE
	EndGlobalSection
	GlobalSection(ExtensibilityGlobals) = postSolution
		SolutionGuid = {F61F2B16-A515-4AFB-BD21-FE06B54835E0}
	EndGlobalSection
EndGlobal
